// !$*UTF8*$!
{
	archiveVersion = 1;
	classes = {
	};
	objectVersion = 50;
	objects = {

/* Begin PBXBuildFile section */
		81543B6123113C2A00EC5D95 /* AppDelegate.swift in Sources */ = {isa = PBXBuildFile; fileRef = 81543B6023113C2A00EC5D95 /* AppDelegate.swift */; };
		81543B6323113C2A00EC5D95 /* ViewController.swift in Sources */ = {isa = PBXBuildFile; fileRef = 81543B6223113C2A00EC5D95 /* ViewController.swift */; };
		81543B6623113C2A00EC5D95 /* Main.storyboard in Resources */ = {isa = PBXBuildFile; fileRef = 81543B6423113C2A00EC5D95 /* Main.storyboard */; };
		81543B6823113C2C00EC5D95 /* Assets.xcassets in Resources */ = {isa = PBXBuildFile; fileRef = 81543B6723113C2C00EC5D95 /* Assets.xcassets */; };
		81543B6B23113C2C00EC5D95 /* LaunchScreen.storyboard in Resources */ = {isa = PBXBuildFile; fileRef = 81543B6923113C2C00EC5D95 /* LaunchScreen.storyboard */; };
		81543B7623113C2C00EC5D95 /* HomeWorkTicTacToeTests.swift in Sources */ = {isa = PBXBuildFile; fileRef = 81543B7523113C2C00EC5D95 /* HomeWorkTicTacToeTests.swift */; };
		81543B8123113C2C00EC5D95 /* HomeWorkTicTacToeUITests.swift in Sources */ = {isa = PBXBuildFile; fileRef = 81543B8023113C2C00EC5D95 /* HomeWorkTicTacToeUITests.swift */; };
/* End PBXBuildFile section */

/* Begin PBXContainerItemProxy section */
		81543B7223113C2C00EC5D95 /* PBXContainerItemProxy */ = {
			isa = PBXContainerItemProxy;
			containerPortal = 81543B5523113C2A00EC5D95 /* Project object */;
			proxyType = 1;
			remoteGlobalIDString = 81543B5C23113C2A00EC5D95;
			remoteInfo = HomeWorkTicTacToe;
		};
		81543B7D23113C2C00EC5D95 /* PBXContainerItemProxy */ = {
			isa = PBXContainerItemProxy;
			containerPortal = 81543B5523113C2A00EC5D95 /* Project object */;
			proxyType = 1;
			remoteGlobalIDString = 81543B5C23113C2A00EC5D95;
			remoteInfo = HomeWorkTicTacToe;
		};
/* End PBXContainerItemProxy section */

/* Begin PBXFileReference section */
		81543B5D23113C2A00EC5D95 /* HomeWorkTicTacToe.app */ = {isa = PBXFileReference; explicitFileType = wrapper.application; includeInIndex = 0; path = HomeWorkTicTacToe.app; sourceTree = BUILT_PRODUCTS_DIR; };
		81543B6023113C2A00EC5D95 /* AppDelegate.swift */ = {isa = PBXFileReference; lastKnownFileType = sourcecode.swift; path = AppDelegate.swift; sourceTree = "<group>"; };
		81543B6223113C2A00EC5D95 /* ViewController.swift */ = {isa = PBXFileReference; lastKnownFileType = sourcecode.swift; path = ViewController.swift; sourceTree = "<group>"; };
		81543B6523113C2A00EC5D95 /* Base */ = {isa = PBXFileReference; lastKnownFileType = file.storyboard; name = Base; path = Base.lproj/Main.storyboard; sourceTree = "<group>"; };
		81543B6723113C2C00EC5D95 /* Assets.xcassets */ = {isa = PBXFileReference; lastKnownFileType = folder.assetcatalog; path = Assets.xcassets; sourceTree = "<group>"; };
		81543B6A23113C2C00EC5D95 /* Base */ = {isa = PBXFileReference; lastKnownFileType = file.storyboard; name = Base; path = Base.lproj/LaunchScreen.storyboard; sourceTree = "<group>"; };
		81543B6C23113C2C00EC5D95 /* Info.plist */ = {isa = PBXFileReference; lastKnownFileType = text.plist.xml; path = Info.plist; sourceTree = "<group>"; };
		81543B7123113C2C00EC5D95 /* HomeWorkTicTacToeTests.xctest */ = {isa = PBXFileReference; explicitFileType = wrapper.cfbundle; includeInIndex = 0; path = HomeWorkTicTacToeTests.xctest; sourceTree = BUILT_PRODUCTS_DIR; };
		81543B7523113C2C00EC5D95 /* HomeWorkTicTacToeTests.swift */ = {isa = PBXFileReference; lastKnownFileType = sourcecode.swift; path = HomeWorkTicTacToeTests.swift; sourceTree = "<group>"; };
		81543B7723113C2C00EC5D95 /* Info.plist */ = {isa = PBXFileReference; lastKnownFileType = text.plist.xml; path = Info.plist; sourceTree = "<group>"; };
		81543B7C23113C2C00EC5D95 /* HomeWorkTicTacToeUITests.xctest */ = {isa = PBXFileReference; explicitFileType = wrapper.cfbundle; includeInIndex = 0; path = HomeWorkTicTacToeUITests.xctest; sourceTree = BUILT_PRODUCTS_DIR; };
		81543B8023113C2C00EC5D95 /* HomeWorkTicTacToeUITests.swift */ = {isa = PBXFileReference; lastKnownFileType = sourcecode.swift; path = HomeWorkTicTacToeUITests.swift; sourceTree = "<group>"; };
		81543B8223113C2C00EC5D95 /* Info.plist */ = {isa = PBXFileReference; lastKnownFileType = text.plist.xml; path = Info.plist; sourceTree = "<group>"; };
/* End PBXFileReference section */

/* Begin PBXFrameworksBuildPhase section */
		81543B5A23113C2A00EC5D95 /* Frameworks */ = {
			isa = PBXFrameworksBuildPhase;
			buildActionMask = 2147483647;
			files = (
			);
			runOnlyForDeploymentPostprocessing = 0;
		};
		81543B6E23113C2C00EC5D95 /* Frameworks */ = {
			isa = PBXFrameworksBuildPhase;
			buildActionMask = 2147483647;
			files = (
			);
			runOnlyForDeploymentPostprocessing = 0;
		};
		81543B7923113C2C00EC5D95 /* Frameworks */ = {
			isa = PBXFrameworksBuildPhase;
			buildActionMask = 2147483647;
			files = (
			);
			runOnlyForDeploymentPostprocessing = 0;
		};
/* End PBXFrameworksBuildPhase section */

/* Begin PBXGroup section */
		81543B5423113C2A00EC5D95 = {
			isa = PBXGroup;
			children = (
				81543B5F23113C2A00EC5D95 /* HomeWorkTicTacToe */,
				81543B7423113C2C00EC5D95 /* HomeWorkTicTacToeTests */,
				81543B7F23113C2C00EC5D95 /* HomeWorkTicTacToeUITests */,
				81543B5E23113C2A00EC5D95 /* Products */,
			);
			sourceTree = "<group>";
		};
		81543B5E23113C2A00EC5D95 /* Products */ = {
			isa = PBXGroup;
			children = (
				81543B5D23113C2A00EC5D95 /* HomeWorkTicTacToe.app */,
				81543B7123113C2C00EC5D95 /* HomeWorkTicTacToeTests.xctest */,
				81543B7C23113C2C00EC5D95 /* HomeWorkTicTacToeUITests.xctest */,
			);
			name = Products;
			sourceTree = "<group>";
		};
		81543B5F23113C2A00EC5D95 /* HomeWorkTicTacToe */ = {
			isa = PBXGroup;
			children = (
				81543B6023113C2A00EC5D95 /* AppDelegate.swift */,
				81543B6223113C2A00EC5D95 /* ViewController.swift */,
				81543B6423113C2A00EC5D95 /* Main.storyboard */,
				81543B6723113C2C00EC5D95 /* Assets.xcassets */,
				81543B6923113C2C00EC5D95 /* LaunchScreen.storyboard */,
				81543B6C23113C2C00EC5D95 /* Info.plist */,
			);
			path = HomeWorkTicTacToe;
			sourceTree = "<group>";
		};
		81543B7423113C2C00EC5D95 /* HomeWorkTicTacToeTests */ = {
			isa = PBXGroup;
			children = (
				81543B7523113C2C00EC5D95 /* HomeWorkTicTacToeTests.swift */,
				81543B7723113C2C00EC5D95 /* Info.plist */,
			);
			path = HomeWorkTicTacToeTests;
			sourceTree = "<group>";
		};
		81543B7F23113C2C00EC5D95 /* HomeWorkTicTacToeUITests */ = {
			isa = PBXGroup;
			children = (
				81543B8023113C2C00EC5D95 /* HomeWorkTicTacToeUITests.swift */,
				81543B8223113C2C00EC5D95 /* Info.plist */,
			);
			path = HomeWorkTicTacToeUITests;
			sourceTree = "<group>";
		};
/* End PBXGroup section */

/* Begin PBXNativeTarget section */
		81543B5C23113C2A00EC5D95 /* HomeWorkTicTacToe */ = {
			isa = PBXNativeTarget;
			buildConfigurationList = 81543B8523113C2C00EC5D95 /* Build configuration list for PBXNativeTarget "HomeWorkTicTacToe" */;
			buildPhases = (
				81543B5923113C2A00EC5D95 /* Sources */,
				81543B5A23113C2A00EC5D95 /* Frameworks */,
				81543B5B23113C2A00EC5D95 /* Resources */,
			);
			buildRules = (
			);
			dependencies = (
			);
			name = HomeWorkTicTacToe;
			productName = HomeWorkTicTacToe;
			productReference = 81543B5D23113C2A00EC5D95 /* HomeWorkTicTacToe.app */;
			productType = "com.apple.product-type.application";
		};
		81543B7023113C2C00EC5D95 /* HomeWorkTicTacToeTests */ = {
			isa = PBXNativeTarget;
			buildConfigurationList = 81543B8823113C2C00EC5D95 /* Build configuration list for PBXNativeTarget "HomeWorkTicTacToeTests" */;
			buildPhases = (
				81543B6D23113C2C00EC5D95 /* Sources */,
				81543B6E23113C2C00EC5D95 /* Frameworks */,
				81543B6F23113C2C00EC5D95 /* Resources */,
			);
			buildRules = (
			);
			dependencies = (
				81543B7323113C2C00EC5D95 /* PBXTargetDependency */,
			);
			name = HomeWorkTicTacToeTests;
			productName = HomeWorkTicTacToeTests;
			productReference = 81543B7123113C2C00EC5D95 /* HomeWorkTicTacToeTests.xctest */;
			productType = "com.apple.product-type.bundle.unit-test";
		};
		81543B7B23113C2C00EC5D95 /* HomeWorkTicTacToeUITests */ = {
			isa = PBXNativeTarget;
			buildConfigurationList = 81543B8B23113C2C00EC5D95 /* Build configuration list for PBXNativeTarget "HomeWorkTicTacToeUITests" */;
			buildPhases = (
				81543B7823113C2C00EC5D95 /* Sources */,
				81543B7923113C2C00EC5D95 /* Frameworks */,
				81543B7A23113C2C00EC5D95 /* Resources */,
			);
			buildRules = (
			);
			dependencies = (
				81543B7E23113C2C00EC5D95 /* PBXTargetDependency */,
			);
			name = HomeWorkTicTacToeUITests;
			productName = HomeWorkTicTacToeUITests;
			productReference = 81543B7C23113C2C00EC5D95 /* HomeWorkTicTacToeUITests.xctest */;
			productType = "com.apple.product-type.bundle.ui-testing";
		};
/* End PBXNativeTarget section */

/* Begin PBXProject section */
		81543B5523113C2A00EC5D95 /* Project object */ = {
			isa = PBXProject;
			attributes = {
				LastSwiftUpdateCheck = 1010;
				LastUpgradeCheck = 1010;
				ORGANIZATIONNAME = Ani;
				TargetAttributes = {
					81543B5C23113C2A00EC5D95 = {
						CreatedOnToolsVersion = 10.1;
					};
					81543B7023113C2C00EC5D95 = {
						CreatedOnToolsVersion = 10.1;
						TestTargetID = 81543B5C23113C2A00EC5D95;
					};
					81543B7B23113C2C00EC5D95 = {
						CreatedOnToolsVersion = 10.1;
						TestTargetID = 81543B5C23113C2A00EC5D95;
					};
				};
			};
			buildConfigurationList = 81543B5823113C2A00EC5D95 /* Build configuration list for PBXProject "HomeWorkTicTacToe" */;
			compatibilityVersion = "Xcode 9.3";
			developmentRegion = en;
			hasScannedForEncodings = 0;
			knownRegions = (
				en,
				Base,
			);
			mainGroup = 81543B5423113C2A00EC5D95;
			productRefGroup = 81543B5E23113C2A00EC5D95 /* Products */;
			projectDirPath = "";
			projectRoot = "";
			targets = (
				81543B5C23113C2A00EC5D95 /* HomeWorkTicTacToe */,
				81543B7023113C2C00EC5D95 /* HomeWorkTicTacToeTests */,
				81543B7B23113C2C00EC5D95 /* HomeWorkTicTacToeUITests */,
			);
		};
/* End PBXProject section */

/* Begin PBXResourcesBuildPhase section */
		81543B5B23113C2A00EC5D95 /* Resources */ = {
			isa = PBXResourcesBuildPhase;
			buildActionMask = 2147483647;
			files = (
				81543B6B23113C2C00EC5D95 /* LaunchScreen.storyboard in Resources */,
				81543B6823113C2C00EC5D95 /* Assets.xcassets in Resources */,
				81543B6623113C2A00EC5D95 /* Main.storyboard in Resources */,
			);
			runOnlyForDeploymentPostprocessing = 0;
		};
		81543B6F23113C2C00EC5D95 /* Resources */ = {
			isa = PBXResourcesBuildPhase;
			buildActionMask = 2147483647;
			files = (
			);
			runOnlyForDeploymentPostprocessing = 0;
		};
		81543B7A23113C2C00EC5D95 /* Resources */ = {
			isa = PBXResourcesBuildPhase;
			buildActionMask = 2147483647;
			files = (
			);
			runOnlyForDeploymentPostprocessing = 0;
		};
/* End PBXResourcesBuildPhase section */

/* Begin PBXSourcesBuildPhase section */
		81543B5923113C2A00EC5D95 /* Sources */ = {
			isa = PBXSourcesBuildPhase;
			buildActionMask = 2147483647;
			files = (
				81543B6323113C2A00EC5D95 /* ViewController.swift in Sources */,
				81543B6123113C2A00EC5D95 /* AppDelegate.swift in Sources */,
			);
			runOnlyForDeploymentPostprocessing = 0;
		};
		81543B6D23113C2C00EC5D95 /* Sources */ = {
			isa = PBXSourcesBuildPhase;
			buildActionMask = 2147483647;
			files = (
				81543B7623113C2C00EC5D95 /* HomeWorkTicTacToeTests.swift in Sources */,
			);
			runOnlyForDeploymentPostprocessing = 0;
		};
		81543B7823113C2C00EC5D95 /* Sources */ = {
			isa = PBXSourcesBuildPhase;
			buildActionMask = 2147483647;
			files = (
				81543B8123113C2C00EC5D95 /* HomeWorkTicTacToeUITests.swift in Sources */,
			);
			runOnlyForDeploymentPostprocessing = 0;
		};
/* End PBXSourcesBuildPhase section */

/* Begin PBXTargetDependency section */
		81543B7323113C2C00EC5D95 /* PBXTargetDependency */ = {
			isa = PBXTargetDependency;
			target = 81543B5C23113C2A00EC5D95 /* HomeWorkTicTacToe */;
			targetProxy = 81543B7223113C2C00EC5D95 /* PBXContainerItemProxy */;
		};
		81543B7E23113C2C00EC5D95 /* PBXTargetDependency */ = {
			isa = PBXTargetDependency;
			target = 81543B5C23113C2A00EC5D95 /* HomeWorkTicTacToe */;
			targetProxy = 81543B7D23113C2C00EC5D95 /* PBXContainerItemProxy */;
		};
/* End PBXTargetDependency section */

/* Begin PBXVariantGroup section */
		81543B6423113C2A00EC5D95 /* Main.storyboard */ = {
			isa = PBXVariantGroup;
			children = (
				81543B6523113C2A00EC5D95 /* Base */,
			);
			name = Main.storyboard;
			sourceTree = "<group>";
		};
		81543B6923113C2C00EC5D95 /* LaunchScreen.storyboard */ = {
			isa = PBXVariantGroup;
			children = (
				81543B6A23113C2C00EC5D95 /* Base */,
			);
			name = LaunchScreen.storyboard;
			sourceTree = "<group>";
		};
/* End PBXVariantGroup section */

/* Begin XCBuildConfiguration section */
		81543B8323113C2C00EC5D95 /* Debug */ = {
			isa = XCBuildConfiguration;
			buildSettings = {
				ALWAYS_SEARCH_USER_PATHS = NO;
				CLANG_ANALYZER_NONNULL = YES;
				CLANG_ANALYZER_NUMBER_OBJECT_CONVERSION = YES_AGGRESSIVE;
				CLANG_CXX_LANGUAGE_STANDARD = "gnu++14";
				CLANG_CXX_LIBRARY = "libc++";
				CLANG_ENABLE_MODULES = YES;
				CLANG_ENABLE_OBJC_ARC = YES;
				CLANG_ENABLE_OBJC_WEAK = YES;
				CLANG_WARN_BLOCK_CAPTURE_AUTORELEASING = YES;
				CLANG_WARN_BOOL_CONVERSION = YES;
				CLANG_WARN_COMMA = YES;
				CLANG_WARN_CONSTANT_CONVERSION = YES;
				CLANG_WARN_DEPRECATED_OBJC_IMPLEMENTATIONS = YES;
				CLANG_WARN_DIRECT_OBJC_ISA_USAGE = YES_ERROR;
				CLANG_WARN_DOCUMENTATION_COMMENTS = YES;
				CLANG_WARN_EMPTY_BODY = YES;
				CLANG_WARN_ENUM_CONVERSION = YES;
				CLANG_WARN_INFINITE_RECURSION = YES;
				CLANG_WARN_INT_CONVERSION = YES;
				CLANG_WARN_NON_LITERAL_NULL_CONVERSION = YES;
				CLANG_WARN_OBJC_IMPLICIT_RETAIN_SELF = YES;
				CLANG_WARN_OBJC_LITERAL_CONVERSION = YES;
				CLANG_WARN_OBJC_ROOT_CLASS = YES_ERROR;
				CLANG_WARN_RANGE_LOOP_ANALYSIS = YES;
				CLANG_WARN_STRICT_PROTOTYPES = YES;
				CLANG_WARN_SUSPICIOUS_MOVE = YES;
				CLANG_WARN_UNGUARDED_AVAILABILITY = YES_AGGRESSIVE;
				CLANG_WARN_UNREACHABLE_CODE = YES;
				CLANG_WARN__DUPLICATE_METHOD_MATCH = YES;
				CODE_SIGN_IDENTITY = "iPhone Developer";
				COPY_PHASE_STRIP = NO;
				DEBUG_INFORMATION_FORMAT = dwarf;
				ENABLE_STRICT_OBJC_MSGSEND = YES;
				ENABLE_TESTABILITY = YES;
				GCC_C_LANGUAGE_STANDARD = gnu11;
				GCC_DYNAMIC_NO_PIC = NO;
				GCC_NO_COMMON_BLOCKS = YES;
				GCC_OPTIMIZATION_LEVEL = 0;
				GCC_PREPROCESSOR_DEFINITIONS = (
					"DEBUG=1",
					"$(inherited)",
				);
				GCC_WARN_64_TO_32_BIT_CONVERSION = YES;
				GCC_WARN_ABOUT_RETURN_TYPE = YES_ERROR;
				GCC_WARN_UNDECLARED_SELECTOR = YES;
				GCC_WARN_UNINITIALIZED_AUTOS = YES_AGGRESSIVE;
				GCC_WARN_UNUSED_FUNCTION = YES;
				GCC_WARN_UNUSED_VARIABLE = YES;
				IPHONEOS_DEPLOYMENT_TARGET = 12.1;
				MTL_ENABLE_DEBUG_INFO = INCLUDE_SOURCE;
				MTL_FAST_MATH = YES;
				ONLY_ACTIVE_ARCH = YES;
				SDKROOT = iphoneos;
				SWIFT_ACTIVE_COMPILATION_CONDITIONS = DEBUG;
				SWIFT_OPTIMIZATION_LEVEL = "-Onone";
			};
			name = Debug;
		};
		81543B8423113C2C00EC5D95 /* Release */ = {
			isa = XCBuildConfiguration;
			buildSettings = {
				ALWAYS_SEARCH_USER_PATHS = NO;
				CLANG_ANALYZER_NONNULL = YES;
				CLANG_ANALYZER_NUMBER_OBJECT_CONVERSION = YES_AGGRESSIVE;
				CLANG_CXX_LANGUAGE_STANDARD = "gnu++14";
				CLANG_CXX_LIBRARY = "libc++";
				CLANG_ENABLE_MODULES = YES;
				CLANG_ENABLE_OBJC_ARC = YES;
				CLANG_ENABLE_OBJC_WEAK = YES;
				CLANG_WARN_BLOCK_CAPTURE_AUTORELEASING = YES;
				CLANG_WARN_BOOL_CONVERSION = YES;
				CLANG_WARN_COMMA = YES;
				CLANG_WARN_CONSTANT_CONVERSION = YES;
				CLANG_WARN_DEPRECATED_OBJC_IMPLEMENTATIONS = YES;
				CLANG_WARN_DIRECT_OBJC_ISA_USAGE = YES_ERROR;
				CLANG_WARN_DOCUMENTATION_COMMENTS = YES;
				CLANG_WARN_EMPTY_BODY = YES;
				CLANG_WARN_ENUM_CONVERSION = YES;
				CLANG_WARN_INFINITE_RECURSION = YES;
				CLANG_WARN_INT_CONVERSION = YES;
				CLANG_WARN_NON_LITERAL_NULL_CONVERSION = YES;
				CLANG_WARN_OBJC_IMPLICIT_RETAIN_SELF = YES;
				CLANG_WARN_OBJC_LITERAL_CONVERSION = YES;
				CLANG_WARN_OBJC_ROOT_CLASS = YES_ERROR;
				CLANG_WARN_RANGE_LOOP_ANALYSIS = YES;
				CLANG_WARN_STRICT_PROTOTYPES = YES;
				CLANG_WARN_SUSPICIOUS_MOVE = YES;
				CLANG_WARN_UNGUARDED_AVAILABILITY = YES_AGGRESSIVE;
				CLANG_WARN_UNREACHABLE_CODE = YES;
				CLANG_WARN__DUPLICATE_METHOD_MATCH = YES;
				CODE_SIGN_IDENTITY = "iPhone Developer";
				COPY_PHASE_STRIP = NO;
				DEBUG_INFORMATION_FORMAT = "dwarf-with-dsym";
				ENABLE_NS_ASSERTIONS = NO;
				ENABLE_STRICT_OBJC_MSGSEND = YES;
				GCC_C_LANGUAGE_STANDARD = gnu11;
				GCC_NO_COMMON_BLOCKS = YES;
				GCC_WARN_64_TO_32_BIT_CONVERSION = YES;
				GCC_WARN_ABOUT_RETURN_TYPE = YES_ERROR;
				GCC_WARN_UNDECLARED_SELECTOR = YES;
				GCC_WARN_UNINITIALIZED_AUTOS = YES_AGGRESSIVE;
				GCC_WARN_UNUSED_FUNCTION = YES;
				GCC_WARN_UNUSED_VARIABLE = YES;
				IPHONEOS_DEPLOYMENT_TARGET = 12.1;
				MTL_ENABLE_DEBUG_INFO = NO;
				MTL_FAST_MATH = YES;
				SDKROOT = iphoneos;
				SWIFT_COMPILATION_MODE = wholemodule;
				SWIFT_OPTIMIZATION_LEVEL = "-O";
				VALIDATE_PRODUCT = YES;
			};
			name = Release;
		};
		81543B8623113C2C00EC5D95 /* Debug */ = {
			isa = XCBuildConfiguration;
			buildSettings = {
				ASSETCATALOG_COMPILER_APPICON_NAME = AppIcon;
				CODE_SIGN_STYLE = Automatic;
				INFOPLIST_FILE = HomeWorkTicTacToe/Info.plist;
				LD_RUNPATH_SEARCH_PATHS = (
					"$(inherited)",
					"@executable_path/Frameworks",
				);
				PRODUCT_BUNDLE_IDENTIFIER = PicsArtCamp.HomeWorkTicTacToe;
				PRODUCT_NAME = "$(TARGET_NAME)";
				SWIFT_VERSION = 4.2;
				TARGETED_DEVICE_FAMILY = "1,2";
			};
			name = Debug;
		};
		81543B8723113C2C00EC5D95 /* Release */ = {
			isa = XCBuildConfiguration;
			buildSettings = {
				ASSETCATALOG_COMPILER_APPICON_NAME = AppIcon;
				CODE_SIGN_STYLE = Automatic;
				INFOPLIST_FILE = HomeWorkTicTacToe/Info.plist;
				LD_RUNPATH_SEARCH_PATHS = (
					"$(inherited)",
					"@executable_path/Frameworks",
				);
				PRODUCT_BUNDLE_IDENTIFIER = PicsArtCamp.HomeWorkTicTacToe;
				PRODUCT_NAME = "$(TARGET_NAME)";
				SWIFT_VERSION = 4.2;
				TARGETED_DEVICE_FAMILY = "1,2";
			};
			name = Release;
		};
		81543B8923113C2C00EC5D95 /* Debug */ = {
			isa = XCBuildConfiguration;
			buildSettings = {
				ALWAYS_EMBED_SWIFT_STANDARD_LIBRARIES = YES;
				BUNDLE_LOADER = "$(TEST_HOST)";
				CODE_SIGN_STYLE = Automatic;
				INFOPLIST_FILE = HomeWorkTicTacToeTests/Info.plist;
				LD_RUNPATH_SEARCH_PATHS = (
					"$(inherited)",
					"@executable_path/Frameworks",
					"@loader_path/Frameworks",
				);
				PRODUCT_BUNDLE_IDENTIFIER = PicsArtCamp.HomeWorkTicTacToeTests;
				PRODUCT_NAME = "$(TARGET_NAME)";
				SWIFT_VERSION = 4.2;
				TARGETED_DEVICE_FAMILY = "1,2";
				TEST_HOST = "$(BUILT_PRODUCTS_DIR)/HomeWorkTicTacToe.app/HomeWorkTicTacToe";
			};
			name = Debug;
		};
		81543B8A23113C2C00EC5D95 /* Release */ = {
			isa = XCBuildConfiguration;
			buildSettings = {
				ALWAYS_EMBED_SWIFT_STANDARD_LIBRARIES = YES;
				BUNDLE_LOADER = "$(TEST_HOST)";
				CODE_SIGN_STYLE = Automatic;
				INFOPLIST_FILE = HomeWorkTicTacToeTests/Info.plist;
				LD_RUNPATH_SEARCH_PATHS = (
					"$(inherited)",
					"@executable_path/Frameworks",
					"@loader_path/Frameworks",
				);
				PRODUCT_BUNDLE_IDENTIFIER = PicsArtCamp.HomeWorkTicTacToeTests;
				PRODUCT_NAME = "$(TARGET_NAME)";
				SWIFT_VERSION = 4.2;
				TARGETED_DEVICE_FAMILY = "1,2";
				TEST_HOST = "$(BUILT_PRODUCTS_DIR)/HomeWorkTicTacToe.app/HomeWorkTicTacToe";
			};
			name = Release;
		};
		81543B8C23113C2C00EC5D95 /* Debug */ = {
			isa = XCBuildConfiguration;
			buildSettings = {
				ALWAYS_EMBED_SWIFT_STANDARD_LIBRARIES = YES;
				CODE_SIGN_STYLE = Automatic;
				INFOPLIST_FILE = HomeWorkTicTacToeUITests/Info.plist;
				LD_RUNPATH_SEARCH_PATHS = (
					"$(inherited)",
					"@executable_path/Frameworks",
					"@loader_path/Frameworks",
				);
				PRODUCT_BUNDLE_IDENTIFIER = PicsArtCamp.HomeWorkTicTacToeUITests;
				PRODUCT_NAME = "$(TARGET_NAME)";
				SWIFT_VERSION = 4.2;
				TARGETED_DEVICE_FAMILY = "1,2";
				TEST_TARGET_NAME = HomeWorkTicTacToe;
			};
			name = Debug;
		};
		81543B8D23113C2C00EC5D95 /* Release */ = {
			isa = XCBuildConfiguration;
			buildSettings = {
				ALWAYS_EMBED_SWIFT_STANDARD_LIBRARIES = YES;
				CODE_SIGN_STYLE = Automatic;
				INFOPLIST_FILE = HomeWorkTicTacToeUITests/Info.plist;
				LD_RUNPATH_SEARCH_PATHS = (
					"$(inherited)",
					"@executable_path/Frameworks",
					"@loader_path/Frameworks",
				);
				PRODUCT_BUNDLE_IDENTIFIER = PicsArtCamp.HomeWorkTicTacToeUITests;
				PRODUCT_NAME = "$(TARGET_NAME)";
				SWIFT_VERSION = 4.2;
				TARGETED_DEVICE_FAMILY = "1,2";
				TEST_TARGET_NAME = HomeWorkTicTacToe;
			};
			name = Release;
		};
/* End XCBuildConfiguration section */

/* Begin XCConfigurationList section */
		81543B5823113C2A00EC5D95 /* Build configuration list for PBXProject "HomeWorkTicTacToe" */ = {
			isa = XCConfigurationList;
			buildConfigurations = (
				81543B8323113C2C00EC5D95 /* Debug */,
				81543B8423113C2C00EC5D95 /* Release */,
			);
			defaultConfigurationIsVisible = 0;
			defaultConfigurationName = Release;
		};
		81543B8523113C2C00EC5D95 /* Build configuration list for PBXNativeTarget "HomeWorkTicTacToe" */ = {
			isa = XCConfigurationList;
			buildConfigurations = (
				81543B8623113C2C00EC5D95 /* Debug */,
				81543B8723113C2C00EC5D95 /* Release */,
			);
			defaultConfigurationIsVisible = 0;
			defaultConfigurationName = Release;
		};
		81543B8823113C2C00EC5D95 /* Build configuration list for PBXNativeTarget "HomeWorkTicTacToeTests" */ = {
			isa = XCConfigurationList;
			buildConfigurations = (
				81543B8923113C2C00EC5D95 /* Debug */,
				81543B8A23113C2C00EC5D95 /* Release */,
			);
			defaultConfigurationIsVisible = 0;
			defaultConfigurationName = Release;
		};
		81543B8B23113C2C00EC5D95 /* Build configuration list for PBXNativeTarget "HomeWorkTicTacToeUITests" */ = {
			isa = XCConfigurationList;
			buildConfigurations = (
				81543B8C23113C2C00EC5D95 /* Debug */,
				81543B8D23113C2C00EC5D95 /* Release */,
			);
			defaultConfigurationIsVisible = 0;
			defaultConfigurationName = Release;
		};
/* End XCConfigurationList section */
	};
	rootObject = 81543B5523113C2A00EC5D95 /* Project object */;
}
